lockfileVersion: '9.0'

settings:
  autoInstallPeers: true
  excludeLinksFromLockfile: false

importers:

  .:
    dependencies:
      '@tanstack/react-query':
        specifier: ^5.83.0
        version: 5.83.0(react@18.3.1)
      '@types/node':
        specifier: ^20.10.5
        version: 20.19.7
      '@types/react':
        specifier: ^18.2.45
        version: 18.3.23
      '@types/react-dom':
        specifier: ^18.2.18
        version: 18.3.7(@types/react@18.3.23)
      autoprefixer:
        specifier: ^10.4.16
        version: 10.4.21(postcss@8.5.6)
      axios:
        specifier: ^1.6.2
        version: 1.10.0
      clsx:
        specifier: ^2.1.1
        version: 2.1.1
      lucide-react:
        specifier: ^0.294.0
        version: 0.294.0(react@18.3.1)
      next:
        specifier: ^14.0.4
        version: 14.2.30(react-dom@18.3.1(react@18.3.1))(react@18.3.1)
      postcss:
        specifier: ^8.4.32
        version: 8.5.6
      react:
        specifier: ^18.2.0
        version: 18.3.1
      react-dom:
        specifier: ^18.2.0
        version: 18.3.1(react@18.3.1)
      sonner:
        specifier: ^2.0.6
        version: 2.0.6(react-dom@18.3.1(react@18.3.1))(react@18.3.1)
      tailwind-merge:
        specifier: ^3.3.1
        version: 3.3.1
      tailwindcss:
        specifier: ^4.1.18
        version: 4.1.18
      typescript:
        specifier: ^5.3.3
        version: 5.8.3

packages:

  '@next/env@14.2.30':
    resolution: {integrity: sha512-KBiBKrDY6kxTQWGzKjQB7QirL3PiiOkV7KW98leHFjtVRKtft76Ra5qSA/SL75xT44dp6hOcqiiJ6iievLOYug==}

  '@next/swc-darwin-arm64@14.2.30':
    resolution: {integrity: sha512-EAqfOTb3bTGh9+ewpO/jC59uACadRHM6TSA9DdxJB/6gxOpyV+zrbqeXiFTDy9uV6bmipFDkfpAskeaDcO+7/g==}
    engines: {node: '>= 10'}
    cpu: [arm64]
    os: [darwin]

  '@next/swc-darwin-x64@14.2.30':
    resolution: {integrity: sha512-TyO7Wz1IKE2kGv8dwQ0bmPL3s44EKVencOqwIY69myoS3rdpO1NPg5xPM5ymKu7nfX4oYJrpMxv8G9iqLsnL4A==}
    engines: {node: '>= 10'}
    cpu: [x64]
    os: [darwin]

  '@next/swc-linux-arm64-gnu@14.2.30':
    resolution: {integrity: sha512-I5lg1fgPJ7I5dk6mr3qCH1hJYKJu1FsfKSiTKoYwcuUf53HWTrEkwmMI0t5ojFKeA6Vu+SfT2zVy5NS0QLXV4Q==}
    engines: {node: '>= 10'}
    cpu: [arm64]
    os: [linux]

  '@next/swc-linux-arm64-musl@14.2.30':
    resolution: {integrity: sha512-8GkNA+sLclQyxgzCDs2/2GSwBc92QLMrmYAmoP2xehe5MUKBLB2cgo34Yu242L1siSkwQkiV4YLdCnjwc/Micw==}
    engines: {node: '>= 10'}
    cpu: [arm64]
    os: [linux]

  '@next/swc-linux-x64-gnu@14.2.30':
    resolution: {integrity: sha512-8Ly7okjssLuBoe8qaRCcjGtcMsv79hwzn/63wNeIkzJVFVX06h5S737XNr7DZwlsbTBDOyI6qbL2BJB5n6TV/w==}
    engines: {node: '>= 10'}
    cpu: [x64]
    os: [linux]

  '@next/swc-linux-x64-musl@14.2.30':
    resolution: {integrity: sha512-dBmV1lLNeX4mR7uI7KNVHsGQU+OgTG5RGFPi3tBJpsKPvOPtg9poyav/BYWrB3GPQL4dW5YGGgalwZ79WukbKQ==}
    engines: {node: '>= 10'}
    cpu: [x64]
    os: [linux]

  '@next/swc-win32-arm64-msvc@14.2.30':
    resolution: {integrity: sha512-6MMHi2Qc1Gkq+4YLXAgbYslE1f9zMGBikKMdmQRHXjkGPot1JY3n5/Qrbg40Uvbi8//wYnydPnyvNhI1DMUW1g==}
    engines: {node: '>= 10'}
    cpu: [arm64]
    os: [win32]

  '@next/swc-win32-ia32-msvc@14.2.30':
    resolution: {integrity: sha512-pVZMnFok5qEX4RT59mK2hEVtJX+XFfak+/rjHpyFh7juiT52r177bfFKhnlafm0UOSldhXjj32b+LZIOdswGTg==}
    engines: {node: '>= 10'}
    cpu: [ia32]
    os: [win32]

  '@next/swc-win32-x64-msvc@14.2.30':
    resolution: {integrity: sha512-4KCo8hMZXMjpTzs3HOqOGYYwAXymXIy7PEPAXNEcEOyKqkjiDlECumrWziy+JEF0Oi4ILHGxzgQ3YiMGG2t/Lg==}
    engines: {node: '>= 10'}
    cpu: [x64]
    os: [win32]

  '@swc/counter@0.1.3':
    resolution: {integrity: sha512-e2BR4lsJkkRlKZ/qCHPw9ZaSxc0MVUd7gtbtaB7aMvHeJVYe8sOB8DBZkP2DtISHGSku9sCK6T6cnY0CtXrOCQ==}

  '@swc/helpers@0.5.5':
    resolution: {integrity: sha512-KGYxvIOXcceOAbEk4bi/dVLEK9z8sZ0uBB3Il5b1rhfClSpcX0yfRO0KmTkqR2cnQDymwLB+25ZyMzICg/cm/A==}

  '@tanstack/query-core@5.83.0':
    resolution: {integrity: sha512-0M8dA+amXUkyz5cVUm/B+zSk3xkQAcuXuz5/Q/LveT4ots2rBpPTZOzd7yJa2Utsf8D2Upl5KyjhHRY+9lB/XA==}

  '@tanstack/react-query@5.83.0':
    resolution: {integrity: sha512-/XGYhZ3foc5H0VM2jLSD/NyBRIOK4q9kfeml4+0x2DlL6xVuAcVEW+hTlTapAmejObg0i3eNqhkr2dT+eciwoQ==}
    peerDependencies:
      react: ^18 || ^19

  '@types/node@20.19.7':
    resolution: {integrity: sha512-1GM9z6BJOv86qkPvzh2i6VW5+VVrXxCLknfmTkWEqz+6DqosiY28XUWCTmBcJ0ACzKqx/iwdIREfo1fwExIlkA==}

  '@types/prop-types@15.7.15':
    resolution: {integrity: sha512-F6bEyamV9jKGAFBEmlQnesRPGOQqS2+Uwi0Em15xenOxHaf2hv6L8YCVn3rPdPJOiJfPiCnLIRyvwVaqMY3MIw==}

  '@types/react-dom@18.3.7':
    resolution: {integrity: sha512-MEe3UeoENYVFXzoXEWsvcpg6ZvlrFNlOQ7EOsvhI3CfAXwzPfO8Qwuxd40nepsYKqyyVQnTdEfv68q91yLcKrQ==}
    peerDependencies:
      '@types/react': ^18.0.0

  '@types/react@18.3.23':
    resolution: {integrity: sha512-/LDXMQh55EzZQ0uVAZmKKhfENivEvWz6E+EYzh+/MCjMhNsotd+ZHhBGIjFDTi6+fz0OhQQQLbTgdQIxxCsC0w==}

  asynckit@0.4.0:
    resolution: {integrity: sha512-Oei9OH4tRh0YqU3GxhX79dM/mwVgvbZJaSNaRk+bshkj0S5cfHcgYakreBjrHwatXKbz+IoIdYLxrKim2MjW0Q==}

  autoprefixer@10.4.21:
    resolution: {integrity: sha512-O+A6LWV5LDHSJD3LjHYoNi4VLsj/Whi7k6zG12xTYaU4cQ8oxQGckXNX8cRHK5yOZ/ppVHe0ZBXGzSV9jXdVbQ==}
    engines: {node: ^10 || ^12 || >=14}
    hasBin: true
    peerDependencies:
      postcss: ^8.1.0

  axios@1.10.0:
    resolution: {integrity: sha512-/1xYAC4MP/HEG+3duIhFr4ZQXR4sQXOIe+o6sdqzeykGLx6Upp/1p8MHqhINOvGeP7xyNHe7tsiJByc4SSVUxw==}

  browserslist@4.25.1:
    resolution: {integrity: sha512-KGj0KoOMXLpSNkkEI6Z6mShmQy0bc1I+T7K9N81k4WWMrfz+6fQ6es80B/YLAeRoKvjYE1YSHHOW1qe9xIVzHw==}
    engines: {node: ^6 || ^7 || ^8 || ^9 || ^10 || ^11 || ^12 || >=13.7}
    hasBin: true

  busboy@1.6.0:
    resolution: {integrity: sha512-8SFQbg/0hQ9xy3UNTB0YEnsNBbWfhf7RtnzpL7TkBiTBRfrQ9Fxcnz7VJsleJpyp6rVLvXiuORqjlHi5q+PYuA==}
    engines: {node: '>=10.16.0'}

  call-bind-apply-helpers@1.0.2:
    resolution: {integrity: sha512-Sp1ablJ0ivDkSzjcaJdxEunN5/XvksFJ2sMBFfq6x0ryhQV/2b/KwFe21cMpmHtPOSij8K99/wSfoEuTObmuMQ==}
    engines: {node: '>= 0.4'}

  caniuse-lite@1.0.30001727:
    resolution: {integrity: sha512-pB68nIHmbN6L/4C6MH1DokyR3bYqFwjaSs/sWDHGj4CTcFtQUQMuJftVwWkXq7mNWOybD3KhUv3oWHoGxgP14Q==}

  client-only@0.0.1:
    resolution: {integrity: sha512-IV3Ou0jSMzZrd3pZ48nLkT9DA7Ag1pnPzaiQhpW7c3RbcqqzvzzVu+L8gfqMp/8IM2MQtSiqaCxrrcfu8I8rMA==}

  clsx@2.1.1:
    resolution: {integrity: sha512-eYm0QWBtUrBWZWG0d386OGAw16Z995PiOVo2B7bjWSbHedGl5e0ZWaq65kOGgUSNesEIDkB9ISbTg/JK9dhCZA==}
    engines: {node: '>=6'}

  combined-stream@1.0.8:
    resolution: {integrity: sha512-FQN4MRfuJeHf7cBbBMJFXhKSDq+2kAArBlmRBvcvFE5BB1HZKXtSFASDhdlz9zOYwxh8lDdnvmMOe/+5cdoEdg==}
    engines: {node: '>= 0.8'}

  csstype@3.1.3:
    resolution: {integrity: sha512-M1uQkMl8rQK/szD0LNhtqxIPLpimGm8sOBwU7lLnCpSbTyY3yeU1Vc7l4KT5zT4s/yOxHH5O7tIuuLOCnLADRw==}

  delayed-stream@1.0.0:
    resolution: {integrity: sha512-ZySD7Nf91aLB0RxL4KGrKHBXl7Eds1DAmEdcoVawXnLD7SDhpNgtuII2aAkg7a7QS41jxPSZ17p4VdGnMHk3MQ==}
    engines: {node: '>=0.4.0'}

  dunder-proto@1.0.1:
    resolution: {integrity: sha512-KIN/nDJBQRcXw0MLVhZE9iQHmG68qAVIBg9CqmUYjmQIhgij9U5MFvrqkUL5FbtyyzZuOeOt0zdeRe4UY7ct+A==}
    engines: {node: '>= 0.4'}

  electron-to-chromium@1.5.182:
    resolution: {integrity: sha512-Lv65Btwv9W4J9pyODI6EWpdnhfvrve/us5h1WspW8B2Fb0366REPtY3hX7ounk1CkV/TBjWCEvCBBbYbmV0qCA==}

  es-define-property@1.0.1:
    resolution: {integrity: sha512-e3nRfgfUZ4rNGL232gUgX06QNyyez04KdjFrF+LTRoOXmrOgFKDg4BCdsjW8EnT69eqdYGmRpJwiPVYNrCaW3g==}
    engines: {node: '>= 0.4'}

  es-errors@1.3.0:
    resolution: {integrity: sha512-Zf5H2Kxt2xjTvbJvP2ZWLEICxA6j+hAmMzIlypy4xcBg1vKVnx89Wy0GbS+kf5cwCVFFzdCFh2XSCFNULS6csw==}
    engines: {node: '>= 0.4'}

  es-object-atoms@1.1.1:
    resolution: {integrity: sha512-FGgH2h8zKNim9ljj7dankFPcICIK9Cp5bm+c2gQSYePhpaG5+esrLODihIorn+Pe6FGJzWhXQotPv73jTaldXA==}
    engines: {node: '>= 0.4'}

  es-set-tostringtag@2.1.0:
    resolution: {integrity: sha512-j6vWzfrGVfyXxge+O0x5sh6cvxAog0a/4Rdd2K36zCMV5eJ+/+tOAngRO8cODMNWbVRdVlmGZQL2YS3yR8bIUA==}
    engines: {node: '>= 0.4'}

  escalade@3.2.0:
    resolution: {integrity: sha512-WUj2qlxaQtO4g6Pq5c29GTcWGDyd8itL8zTlipgECz3JesAiiOKotd8JU6otB3PACgG6xkJUyVhboMS+bje/jA==}
    engines: {node: '>=6'}

  follow-redirects@1.15.9:
    resolution: {integrity: sha512-gew4GsXizNgdoRyqmyfMHyAmXsZDk6mHkSxZFCzW9gwlbtOW44CDtYavM+y+72qD/Vq2l550kMF52DT8fOLJqQ==}
    engines: {node: '>=4.0'}
    peerDependencies:
      debug: '*'
    peerDependenciesMeta:
      debug:
        optional: true

  form-data@4.0.3:
    resolution: {integrity: sha512-qsITQPfmvMOSAdeyZ+12I1c+CKSstAFAwu+97zrnWAbIr5u8wfsExUzCesVLC8NgHuRUqNN4Zy6UPWUTRGslcA==}
    engines: {node: '>= 6'}

  fraction.js@4.3.7:
    resolution: {integrity: sha512-ZsDfxO51wGAXREY55a7la9LScWpwv9RxIrYABrlvOFBlH/ShPnrtsXeuUIfXKKOVicNxQ+o8JTbJvjS4M89yew==}

  function-bind@1.1.2:
    resolution: {integrity: sha512-7XHNxH7qX9xG5mIwxkhumTox/MIRNcOgDrxWsMt2pAr23WHp6MrRlN7FBSFpCpr+oVO0F744iUgR82nJMfG2SA==}

  get-intrinsic@1.3.0:
    resolution: {integrity: sha512-9fSjSaos/fRIVIp+xSJlE6lfwhES7LNtKaCBIamHsjr2na1BiABJPo0mOjjz8GJDURarmCPGqaiVg5mfjb98CQ==}
    engines: {node: '>= 0.4'}

  get-proto@1.0.1:
    resolution: {integrity: sha512-sTSfBjoXBp89JvIKIefqw7U2CCebsc74kiY6awiGogKtoSGbgjYE/G/+l9sF3MWFPNc9IcoOC4ODfKHfxFmp0g==}
    engines: {node: '>= 0.4'}

  gopd@1.2.0:
    resolution: {integrity: sha512-ZUKRh6/kUFoAiTAtTYPZJ3hw9wNxx+BIBOijnlG9PnrJsCcSjs1wyyD6vJpaYtgnzDrKYRSqf3OO6Rfa93xsRg==}
    engines: {node: '>= 0.4'}

  graceful-fs@4.2.11:
    resolution: {integrity: sha512-RbJ5/jmFcNNCcDV5o9eTnBLJ/HszWV0P73bc+Ff4nS/rJj+YaS6IGyiOL0VoBYX+l1Wrl3k63h/KrH+nhJ0XvQ==}

  has-symbols@1.1.0:
    resolution: {integrity: sha512-1cDNdwJ2Jaohmb3sg4OmKaMBwuC48sYni5HUw2DvsC8LjGTLK9h+eb1X6RyuOHe4hT0ULCW68iomhjUoKUqlPQ==}
    engines: {node: '>= 0.4'}

  has-tostringtag@1.0.2:
    resolution: {integrity: sha512-NqADB8VjPFLM2V0VvHUewwwsw0ZWBaIdgo+ieHtK3hasLz4qeCRjYcqfB6AQrBggRKppKF8L52/VqdVsO47Dlw==}
    engines: {node: '>= 0.4'}

  hasown@2.0.2:
    resolution: {integrity: sha512-0hJU9SCPvmMzIBdZFqNPXWa6dqh7WdH0cII9y+CyS8rG3nL48Bclra9HmKhVVUHyPWNH5Y7xDwAB7bfgSjkUMQ==}
    engines: {node: '>= 0.4'}

  js-tokens@4.0.0:
    resolution: {integrity: sha512-RdJUflcE3cUzKiMqQgsCu06FPu9UdIJO0beYbPhHN4k6apgJtifcoCtT9bcxOpYBtpD2kCM6Sbzg4CausW/PKQ==}

  loose-envify@1.4.0:
    resolution: {integrity: sha512-lyuxPGr/Wfhrlem2CL/UcnUc1zcqKAImBDzukY7Y5F/yQiNdko6+fRLevlw1HgMySw7f611UIY408EtxRSoK3Q==}
    hasBin: true

  lucide-react@0.294.0:
    resolution: {integrity: sha512-V7o0/VECSGbLHn3/1O67FUgBwWB+hmzshrgDVRJQhMh8uj5D3HBuIvhuAmQTtlupILSplwIZg5FTc4tTKMA2SA==}
    peerDependencies:
      react: ^16.5.1 || ^17.0.0 || ^18.0.0

  math-intrinsics@1.1.0:
    resolution: {integrity: sha512-/IXtbwEk5HTPyEwyKX6hGkYXxM9nbj64B+ilVJnC/R6B0pH5G4V3b0pVbL7DBj4tkhBAppbQUlf6F6Xl9LHu1g==}
    engines: {node: '>= 0.4'}

  mime-db@1.52.0:
    resolution: {integrity: sha512-sPU4uV7dYlvtWJxwwxHD0PuihVNiE7TyAbQ5SWxDCB9mUYvOgroQOwYQQOKPJ8CIbE+1ETVlOoK1UC2nU3gYvg==}
    engines: {node: '>= 0.6'}

  mime-types@2.1.35:
    resolution: {integrity: sha512-ZDY+bPm5zTTF+YpCrAU9nK0UgICYPT0QtT1NZWFv4s++TNkcgVaT0g6+4R2uI4MjQjzysHB1zxuWL50hzaeXiw==}
    engines: {node: '>= 0.6'}

  nanoid@3.3.11:
    resolution: {integrity: sha512-N8SpfPUnUp1bK+PMYW8qSWdl9U+wwNWI4QKxOYDy9JAro3WMX7p2OeVRF9v+347pnakNevPmiHhNmZ2HbFA76w==}
    engines: {node: ^10 || ^12 || ^13.7 || ^14 || >=15.0.1}
    hasBin: true

  next@14.2.30:
    resolution: {integrity: sha512-+COdu6HQrHHFQ1S/8BBsCag61jZacmvbuL2avHvQFbWa2Ox7bE+d8FyNgxRLjXQ5wtPyQwEmk85js/AuaG2Sbg==}
    engines: {node: '>=18.17.0'}
    hasBin: true
    peerDependencies:
      '@opentelemetry/api': ^1.1.0
      '@playwright/test': ^1.41.2
      react: ^18.2.0
      react-dom: ^18.2.0
      sass: ^1.3.0
    peerDependenciesMeta:
      '@opentelemetry/api':
        optional: true
      '@playwright/test':
        optional: true
      sass:
        optional: true

  node-releases@2.0.19:
    resolution: {integrity: sha512-xxOWJsBKtzAq7DY0J+DTzuz58K8e7sJbdgwkbMWQe8UYB6ekmsQ45q0M/tJDsGaZmbC+l7n57UV8Hl5tHxO9uw==}

  normalize-range@0.1.2:
    resolution: {integrity: sha512-bdok/XvKII3nUpklnV6P2hxtMNrCboOjAcyBuQnWEhO665FwrSNRxU+AqpsyvO6LgGYPspN+lu5CLtw4jPRKNA==}
    engines: {node: '>=0.10.0'}

  picocolors@1.1.1:
    resolution: {integrity: sha512-xceH2snhtb5M9liqDsmEw56le376mTZkEX/jEb/RxNFyegNul7eNslCXP9FDj/Lcu0X8KEyMceP2ntpaHrDEVA==}

  postcss-value-parser@4.2.0:
    resolution: {integrity: sha512-1NNCs6uurfkVbeXG4S8JFT9t19m45ICnif8zWLd5oPSZ50QnwMfK+H3jv408d4jw/7Bttv5axS5IiHoLaVNHeQ==}

  postcss@8.4.31:
    resolution: {integrity: sha512-PS08Iboia9mts/2ygV3eLpY5ghnUcfLV/EXTOW1E2qYxJKGGBUtNjN76FYHnMs36RmARn41bC0AZmn+rR0OVpQ==}
    engines: {node: ^10 || ^12 || >=14}

  postcss@8.5.6:
    resolution: {integrity: sha512-3Ybi1tAuwAP9s0r1UQ2J4n5Y0G05bJkpUIO0/bI9MhwmD70S5aTWbXGBwxHrelT+XM1k6dM0pk+SwNkpTRN7Pg==}
    engines: {node: ^10 || ^12 || >=14}

  proxy-from-env@1.1.0:
    resolution: {integrity: sha512-D+zkORCbA9f1tdWRK0RaCR3GPv50cMxcrz4X8k5LTSUD1Dkw47mKJEZQNunItRTkWwgtaUSo1RVFRIG9ZXiFYg==}

  react-dom@18.3.1:
    resolution: {integrity: sha512-5m4nQKp+rZRb09LNH59GM4BxTh9251/ylbKIbpe7TpGxfJ+9kv6BLkLBXIjjspbgbnIBNqlI23tRnTWT0snUIw==}
    peerDependencies:
      react: ^18.3.1

  react@18.3.1:
    resolution: {integrity: sha512-wS+hAgJShR0KhEvPJArfuPVN1+Hz1t0Y6n5jLrGQbkb4urgPE/0Rve+1kMB1v/oWgHgm4WIcV+i7F2pTVj+2iQ==}
    engines: {node: '>=0.10.0'}

  scheduler@0.23.2:
    resolution: {integrity: sha512-UOShsPwz7NrMUqhR6t0hWjFduvOzbtv7toDH1/hIrfRNIDBnnBWd0CwJTGvTpngVlmwGCdP9/Zl/tVrDqcuYzQ==}

  sonner@2.0.6:
    resolution: {integrity: sha512-yHFhk8T/DK3YxjFQXIrcHT1rGEeTLliVzWbO0xN8GberVun2RiBnxAjXAYpZrqwEVHBG9asI/Li8TAAhN9m59Q==}
    peerDependencies:
      react: ^18.0.0 || ^19.0.0 || ^19.0.0-rc
      react-dom: ^18.0.0 || ^19.0.0 || ^19.0.0-rc

  source-map-js@1.2.1:
    resolution: {integrity: sha512-UXWMKhLOwVKb728IUtQPXxfYU+usdybtUrK/8uGE8CQMvrhOpwvzDBwj0QhSL7MQc7vIsISBG8VQ8+IDQxpfQA==}
    engines: {node: '>=0.10.0'}

  streamsearch@1.1.0:
    resolution: {integrity: sha512-Mcc5wHehp9aXz1ax6bZUyY5afg9u2rv5cqQI3mRrYkGC8rW2hM02jWuwjtL++LS5qinSyhj2QfLyNsuc+VsExg==}
    engines: {node: '>=10.0.0'}

  styled-jsx@5.1.1:
    resolution: {integrity: sha512-pW7uC1l4mBZ8ugbiZrcIsiIvVx1UmTfw7UkC3Um2tmfUq9Bhk8IiyEIPl6F8agHgjzku6j0xQEZbfA5uSgSaCw==}
    engines: {node: '>= 12.0.0'}
    peerDependencies:
      '@babel/core': '*'
      babel-plugin-macros: '*'
      react: '>= 16.8.0 || 17.x.x || ^18.0.0-0'
    peerDependenciesMeta:
      '@babel/core':
        optional: true
      babel-plugin-macros:
        optional: true

  tailwind-merge@3.3.1:
    resolution: {integrity: sha512-gBXpgUm/3rp1lMZZrM/w7D8GKqshif0zAymAhbCyIt8KMe+0v9DQ7cdYLR4FHH/cKpdTXb+A/tKKU3eolfsI+g==}

  tailwindcss@4.1.18:
    resolution: {integrity: sha512-4+Z+0yiYyEtUVCScyfHCxOYP06L5Ne+JiHhY2IjR2KWMIWhJOYZKLSGZaP5HkZ8+bY0cxfzwDE5uOmzFXyIwxw==}

  tslib@2.8.1:
    resolution: {integrity: sha512-oJFu94HQb+KVduSUQL7wnpmqnfmLsOA/nAh6b6EH0wCEoK0/mPeXU6c3wKDV83MkOuHPRHtSXKKU99IBazS/2w==}

  typescript@5.8.3:
    resolution: {integrity: sha512-p1diW6TqL9L07nNxvRMM7hMMw4c5XOo/1ibL4aAIGmSAt9slTE1Xgw5KWuof2uTOvCg9BY7ZRi+GaF+7sfgPeQ==}
    engines: {node: '>=14.17'}
    hasBin: true

  undici-types@6.21.0:
    resolution: {integrity: sha512-iwDZqg0QAGrg9Rav5H4n0M64c3mkR59cJ6wQp+7C4nI0gsmExaedaYLNO44eT4AtBBwjbTiGPMlt2Md0T9H9JQ==}

  update-browserslist-db@1.1.3:
    resolution: {integrity: sha512-UxhIZQ+QInVdunkDAaiazvvT/+fXL5Osr0JZlJulepYu6Jd7qJtDZjlur0emRlT71EN3ScPoE7gvsuIKKNavKw==}
    hasBin: true
    peerDependencies:
      browserslist: '>= 4.21.0'

snapshots:

  '@next/env@14.2.30': {}

  '@next/swc-darwin-arm64@14.2.30':
    optional: true

  '@next/swc-darwin-x64@14.2.30':
    optional: true

  '@next/swc-linux-arm64-gnu@14.2.30':
    optional: true

  '@next/swc-linux-arm64-musl@14.2.30':
    optional: true

  '@next/swc-linux-x64-gnu@14.2.30':
    optional: true

  '@next/swc-linux-x64-musl@14.2.30':
    optional: true

  '@next/swc-win32-arm64-msvc@14.2.30':
    optional: true

  '@next/swc-win32-ia32-msvc@14.2.30':
    optional: true

  '@next/swc-win32-x64-msvc@14.2.30':
    optional: true

  '@swc/counter@0.1.3': {}

  '@swc/helpers@0.5.5':
    dependencies:
      '@swc/counter': 0.1.3
      tslib: 2.8.1

  '@tanstack/query-core@5.83.0': {}

  '@tanstack/react-query@5.83.0(react@18.3.1)':
    dependencies:
      '@tanstack/query-core': 5.83.0
      react: 18.3.1

  '@types/node@20.19.7':
    dependencies:
      undici-types: 6.21.0

  '@types/prop-types@15.7.15': {}

  '@types/react-dom@18.3.7(@types/react@18.3.23)':
    dependencies:
      '@types/react': 18.3.23

  '@types/react@18.3.23':
    dependencies:
      '@types/prop-types': 15.7.15
      csstype: 3.1.3

  asynckit@0.4.0: {}

  autoprefixer@10.4.21(postcss@8.5.6):
    dependencies:
      browserslist: 4.25.1
      caniuse-lite: 1.0.30001727
      fraction.js: 4.3.7
      normalize-range: 0.1.2
      picocolors: 1.1.1
      postcss: 8.5.6
      postcss-value-parser: 4.2.0

  axios@1.10.0:
    dependencies:
      follow-redirects: 1.15.9
      form-data: 4.0.3
      proxy-from-env: 1.1.0
    transitivePeerDependencies:
      - debug

  browserslist@4.25.1:
    dependencies:
      caniuse-lite: 1.0.30001727
      electron-to-chromium: 1.5.182
      node-releases: 2.0.19
      update-browserslist-db: 1.1.3(browserslist@4.25.1)

  busboy@1.6.0:
    dependencies:
      streamsearch: 1.1.0

  call-bind-apply-helpers@1.0.2:
    dependencies:
      es-errors: 1.3.0
      function-bind: 1.1.2

  caniuse-lite@1.0.30001727: {}

  client-only@0.0.1: {}

  clsx@2.1.1: {}

  combined-stream@1.0.8:
    dependencies:
      delayed-stream: 1.0.0

  csstype@3.1.3: {}

  delayed-stream@1.0.0: {}

  dunder-proto@1.0.1:
    dependencies:
      call-bind-apply-helpers: 1.0.2
      es-errors: 1.3.0
      gopd: 1.2.0

  electron-to-chromium@1.5.182: {}

  es-define-property@1.0.1: {}

  es-errors@1.3.0: {}

  es-object-atoms@1.1.1:
    dependencies:
      es-errors: 1.3.0

  es-set-tostringtag@2.1.0:
    dependencies:
      es-errors: 1.3.0
      get-intrinsic: 1.3.0
      has-tostringtag: 1.0.2
      hasown: 2.0.2

  escalade@3.2.0: {}

  follow-redirects@1.15.9: {}

  form-data@4.0.3:
    dependencies:
      asynckit: 0.4.0
      combined-stream: 1.0.8
      es-set-tostringtag: 2.1.0
      hasown: 2.0.2
      mime-types: 2.1.35

  fraction.js@4.3.7: {}

  function-bind@1.1.2: {}

  get-intrinsic@1.3.0:
    dependencies:
      call-bind-apply-helpers: 1.0.2
      es-define-property: 1.0.1
      es-errors: 1.3.0
      es-object-atoms: 1.1.1
      function-bind: 1.1.2
      get-proto: 1.0.1
      gopd: 1.2.0
      has-symbols: 1.1.0
      hasown: 2.0.2
      math-intrinsics: 1.1.0

  get-proto@1.0.1:
    dependencies:
      dunder-proto: 1.0.1
      es-object-atoms: 1.1.1

  gopd@1.2.0: {}

  graceful-fs@4.2.11: {}

  has-symbols@1.1.0: {}

  has-tostringtag@1.0.2:
    dependencies:
      has-symbols: 1.1.0

  hasown@2.0.2:
    dependencies:
      function-bind: 1.1.2

  js-tokens@4.0.0: {}

  loose-envify@1.4.0:
    dependencies:
      js-tokens: 4.0.0

  lucide-react@0.294.0(react@18.3.1):
    dependencies:
      react: 18.3.1

  math-intrinsics@1.1.0: {}

  mime-db@1.52.0: {}

  mime-types@2.1.35:
    dependencies:
      mime-db: 1.52.0

  nanoid@3.3.11: {}

  next@14.2.30(react-dom@18.3.1(react@18.3.1))(react@18.3.1):
    dependencies:
      '@next/env': 14.2.30
      '@swc/helpers': 0.5.5
      busboy: 1.6.0
      caniuse-lite: 1.0.30001727
      graceful-fs: 4.2.11
      postcss: 8.4.31
      react: 18.3.1
      react-dom: 18.3.1(react@18.3.1)
      styled-jsx: 5.1.1(react@18.3.1)
    optionalDependencies:
      '@next/swc-darwin-arm64': 14.2.30
      '@next/swc-darwin-x64': 14.2.30
      '@next/swc-linux-arm64-gnu': 14.2.30
      '@next/swc-linux-arm64-musl': 14.2.30
      '@next/swc-linux-x64-gnu': 14.2.30
      '@next/swc-linux-x64-musl': 14.2.30
      '@next/swc-win32-arm64-msvc': 14.2.30
      '@next/swc-win32-ia32-msvc': 14.2.30
      '@next/swc-win32-x64-msvc': 14.2.30
    transitivePeerDependencies:
      - '@babel/core'
      - babel-plugin-macros

  node-releases@2.0.19: {}

  normalize-range@0.1.2: {}

  picocolors@1.1.1: {}

  postcss-value-parser@4.2.0: {}

  postcss@8.4.31:
    dependencies:
      nanoid: 3.3.11
      picocolors: 1.1.1
      source-map-js: 1.2.1

  postcss@8.5.6:
    dependencies:
      nanoid: 3.3.11
      picocolors: 1.1.1
      source-map-js: 1.2.1

  proxy-from-env@1.1.0: {}

  react-dom@18.3.1(react@18.3.1):
    dependencies:
      loose-envify: 1.4.0
      react: 18.3.1
      scheduler: 0.23.2

  react@18.3.1:
    dependencies:
      loose-envify: 1.4.0

  scheduler@0.23.2:
    dependencies:
      loose-envify: 1.4.0

  sonner@2.0.6(react-dom@18.3.1(react@18.3.1))(react@18.3.1):
    dependencies:
      react: 18.3.1
      react-dom: 18.3.1(react@18.3.1)

  source-map-js@1.2.1: {}

  streamsearch@1.1.0: {}

  styled-jsx@5.1.1(react@18.3.1):
    dependencies:
      client-only: 0.0.1
      react: 18.3.1

  tailwind-merge@3.3.1: {}

  tailwindcss@4.1.18: {}

  tslib@2.8.1: {}

  typescript@5.8.3: {}

  undici-types@6.21.0: {}

  update-browserslist-db@1.1.3(browserslist@4.25.1):
    dependencies:
      browserslist: 4.25.1
      escalade: 3.2.0
      picocolors: 1.1.1
